
Microsoft Visual Studio Solution File, Format Version 12.00
# Visual Studio Version 17
VisualStudioVersion = 17.14.36414.22 d17.14
MinimumVisualStudioVersion = 10.0.40219.1
Project("{FAE04EC0-301F-11D3-BF4B-00C04F79EFBC}") = "GymManagementPL", "GymManagementPL\GymManagementPL.csproj", "{55867869-D84C-456E-BADE-8D04B0C92DDF}"
EndProject
Project("{FAE04EC0-301F-11D3-BF4B-00C04F79EFBC}") = "GymManagementBLL", "GymManagementBLL\GymManagementBLL.csproj", "{46403496-AB5A-4817-BA96-60D07CBC2A84}"
EndProject
Project("{FAE04EC0-301F-11D3-BF4B-00C04F79EFBC}") = "GymManagementDAL", "GymManagementDAL\GymManagementDAL.csproj", "{04293343-749B-415B-A0E5-98687DBD45BB}"
EndProject
Global
	GlobalSection(SolutionConfigurationPlatforms) = preSolution
		Debug|Any CPU = Debug|Any CPU
		Release|Any CPU = Release|Any CPU
	EndGlobalSection
	GlobalSection(ProjectConfigurationPlatforms) = postSolution
		{55867869-D84C-456E-BADE-8D04B0C92DDF}.Debug|Any CPU.ActiveCfg = Debug|Any CPU
		{55867869-D84C-456E-BADE-8D04B0C92DDF}.Debug|Any CPU.Build.0 = Debug|Any CPU
		{55867869-D84C-456E-BADE-8D04B0C92DDF}.Release|Any CPU.ActiveCfg = Release|Any CPU
		{55867869-D84C-456E-BADE-8D04B0C92DDF}.Release|Any CPU.Build.0 = Release|Any CPU
		{46403496-AB5A-4817-BA96-60D07CBC2A84}.Debug|Any CPU.ActiveCfg = Debug|Any CPU
		{46403496-AB5A-4817-BA96-60D07CBC2A84}.Debug|Any CPU.Build.0 = Debug|Any CPU
		{46403496-AB5A-4817-BA96-60D07CBC2A84}.Release|Any CPU.ActiveCfg = Release|Any CPU
		{46403496-AB5A-4817-BA96-60D07CBC2A84}.Release|Any CPU.Build.0 = Release|Any CPU
		{04293343-749B-415B-A0E5-98687DBD45BB}.Debug|Any CPU.ActiveCfg = Debug|Any CPU
		{04293343-749B-415B-A0E5-98687DBD45BB}.Debug|Any CPU.Build.0 = Debug|Any CPU
		{04293343-749B-415B-A0E5-98687DBD45BB}.Release|Any CPU.ActiveCfg = Release|Any CPU
		{04293343-749B-415B-A0E5-98687DBD45BB}.Release|Any CPU.Build.0 = Release|Any CPU
	EndGlobalSection
	GlobalSection(SolutionProperties) = preSolution
		HideSolutionNode = FALSE
	EndGlobalSection
	GlobalSection(ExtensibilityGlobals) = postSolution
		SolutionGuid = {219D8AF7-A9D3-4A0F-9FAF-DADF5B9AA35A}
	EndGlobalSection
EndGlobal
